
Microsoft Visual Studio Solution File, Format Version 12.00
# Visual Studio Version 16
VisualStudioVersion = 16.0.30717.126
MinimumVisualStudioVersion = 10.0.40219.1
Project("{FAE04EC0-301F-11D3-BF4B-00C04F79EFBC}") = "QuestionEvaluator", "MultipleChoiceQuestionEvaluator\QuestionEvaluator.csproj", "{22107D12-B1E0-4C62-9C1F-BC2483D37284}"
EndProject
Project("{2150E333-8FDC-42A3-9474-1A3956D46DE8}") = "Solution Items", "Solution Items", "{E0B3D790-698F-4389-939C-977C97D42A04}"
	ProjectSection(SolutionItems) = preProject
		Exercise Instructions.txt = Exercise Instructions.txt
	EndProjectSection
EndProject
Global
	GlobalSection(SolutionConfigurationPlatforms) = preSolution
		Debug|Any CPU = Debug|Any CPU
		Release|Any CPU = Release|Any CPU
	EndGlobalSection
	GlobalSection(ProjectConfigurationPlatforms) = postSolution
		{22107D12-B1E0-4C62-9C1F-BC2483D37284}.Debug|Any CPU.ActiveCfg = Debug|Any CPU
		{22107D12-B1E0-4C62-9C1F-BC2483D37284}.Debug|Any CPU.Build.0 = Debug|Any CPU
		{22107D12-B1E0-4C62-9C1F-BC2483D37284}.Release|Any CPU.ActiveCfg = Release|Any CPU
		{22107D12-B1E0-4C62-9C1F-BC2483D37284}.Release|Any CPU.Build.0 = Release|Any CPU
	EndGlobalSection
	GlobalSection(SolutionProperties) = preSolution
		HideSolutionNode = FALSE
	EndGlobalSection
	GlobalSection(ExtensibilityGlobals) = postSolution
		SolutionGuid = {FF2ECF71-5765-46C0-8143-0148A00D656F}
	EndGlobalSection
EndGlobal
